// !$*UTF8*$!
{
	archiveVersion = 1;
	classes = {
	};
	objectVersion = 48;
	objects = {

/* Begin PBXBuildFile section */
		0EE043A93FF551F6449FCAF0 /* Pods_InstgramTests.framework in Frameworks */ = {isa = PBXBuildFile; fileRef = 260E35235E791B8AB6AFB82C /* Pods_InstgramTests.framework */; };
		23680A48202994A000D8AD63 /* PostDetailsViewController.swift in Sources */ = {isa = PBXBuildFile; fileRef = 23680A47202994A000D8AD63 /* PostDetailsViewController.swift */; };
		2378A1C62026EC28002C650C /* AppDelegate.swift in Sources */ = {isa = PBXBuildFile; fileRef = 2378A1C52026EC28002C650C /* AppDelegate.swift */; };
		2378A1CB2026EC28002C650C /* Main.storyboard in Resources */ = {isa = PBXBuildFile; fileRef = 2378A1C92026EC28002C650C /* Main.storyboard */; };
		2378A1CD2026EC28002C650C /* Assets.xcassets in Resources */ = {isa = PBXBuildFile; fileRef = 2378A1CC2026EC28002C650C /* Assets.xcassets */; };
		2378A1D02026EC28002C650C /* LaunchScreen.storyboard in Resources */ = {isa = PBXBuildFile; fileRef = 2378A1CE2026EC28002C650C /* LaunchScreen.storyboard */; };
		2378A1DB2026EC28002C650C /* InstgramTests.swift in Sources */ = {isa = PBXBuildFile; fileRef = 2378A1DA2026EC28002C650C /* InstgramTests.swift */; };
		2378A1E62026EC28002C650C /* InstgramUITests.swift in Sources */ = {isa = PBXBuildFile; fileRef = 2378A1E52026EC28002C650C /* InstgramUITests.swift */; };
		2378A1F72026F4BC002C650C /* Login1ViewController.swift in Sources */ = {isa = PBXBuildFile; fileRef = 2378A1F62026F4BC002C650C /* Login1ViewController.swift */; };
		23C5BC442027FCD200A621C1 /* MainViewController.swift in Sources */ = {isa = PBXBuildFile; fileRef = 23C5BC432027FCD200A621C1 /* MainViewController.swift */; };
		23C5BC482028066600A621C1 /* PostCell.swift in Sources */ = {isa = PBXBuildFile; fileRef = 23C5BC472028066600A621C1 /* PostCell.swift */; };
		23C5BC4B2028113E00A621C1 /* CameraViewController.swift in Sources */ = {isa = PBXBuildFile; fileRef = 23C5BC4A2028113E00A621C1 /* CameraViewController.swift */; };
		23C5BC51202815DC00A621C1 /* Post.swift in Sources */ = {isa = PBXBuildFile; fileRef = 23C5BC50202815DC00A621C1 /* Post.swift */; };
		B739AB185E363E4C6A92D2BD /* Pods_InstgramUITests.framework in Frameworks */ = {isa = PBXBuildFile; fileRef = 34A524584D0CE081042710D3 /* Pods_InstgramUITests.framework */; };
		F795FADDF140BC357D01A3E0 /* Pods_Instgram.framework in Frameworks */ = {isa = PBXBuildFile; fileRef = 20D0FA98E942D348513CB494 /* Pods_Instgram.framework */; };
/* End PBXBuildFile section */

/* Begin PBXContainerItemProxy section */
		2378A1D72026EC28002C650C /* PBXContainerItemProxy */ = {
			isa = PBXContainerItemProxy;
			containerPortal = 2378A1BA2026EC28002C650C /* Project object */;
			proxyType = 1;
			remoteGlobalIDString = 2378A1C12026EC28002C650C;
			remoteInfo = Instgram;
		};
		2378A1E22026EC28002C650C /* PBXContainerItemProxy */ = {
			isa = PBXContainerItemProxy;
			containerPortal = 2378A1BA2026EC28002C650C /* Project object */;
			proxyType = 1;
			remoteGlobalIDString = 2378A1C12026EC28002C650C;
			remoteInfo = Instgram;
		};
/* End PBXContainerItemProxy section */

/* Begin PBXFileReference section */
		20D0FA98E942D348513CB494 /* Pods_Instgram.framework */ = {isa = PBXFileReference; explicitFileType = wrapper.framework; includeInIndex = 0; path = Pods_Instgram.framework; sourceTree = BUILT_PRODUCTS_DIR; };
		23680A47202994A000D8AD63 /* PostDetailsViewController.swift */ = {isa = PBXFileReference; lastKnownFileType = sourcecode.swift; path = PostDetailsViewController.swift; sourceTree = "<group>"; };
		2378A1C22026EC28002C650C /* Instgram.app */ = {isa = PBXFileReference; explicitFileType = wrapper.application; includeInIndex = 0; path = Instgram.app; sourceTree = BUILT_PRODUCTS_DIR; };
		2378A1C52026EC28002C650C /* AppDelegate.swift */ = {isa = PBXFileReference; lastKnownFileType = sourcecode.swift; path = AppDelegate.swift; sourceTree = "<group>"; };
		2378A1CA2026EC28002C650C /* Base */ = {isa = PBXFileReference; lastKnownFileType = file.storyboard; name = Base; path = Base.lproj/Main.storyboard; sourceTree = "<group>"; };
		2378A1CC2026EC28002C650C /* Assets.xcassets */ = {isa = PBXFileReference; lastKnownFileType = folder.assetcatalog; path = Assets.xcassets; sourceTree = "<group>"; };
		2378A1CF2026EC28002C650C /* Base */ = {isa = PBXFileReference; lastKnownFileType = file.storyboard; name = Base; path = Base.lproj/LaunchScreen.storyboard; sourceTree = "<group>"; };
		2378A1D12026EC28002C650C /* Info.plist */ = {isa = PBXFileReference; lastKnownFileType = text.plist.xml; path = Info.plist; sourceTree = "<group>"; };
		2378A1D62026EC28002C650C /* InstgramTests.xctest */ = {isa = PBXFileReference; explicitFileType = wrapper.cfbundle; includeInIndex = 0; path = InstgramTests.xctest; sourceTree = BUILT_PRODUCTS_DIR; };
		2378A1DA2026EC28002C650C /* InstgramTests.swift */ = {isa = PBXFileReference; lastKnownFileType = sourcecode.swift; path = InstgramTests.swift; sourceTree = "<group>"; };
		2378A1DC2026EC28002C650C /* Info.plist */ = {isa = PBXFileReference; lastKnownFileType = text.plist.xml; path = Info.plist; sourceTree = "<group>"; };
		2378A1E12026EC28002C650C /* InstgramUITests.xctest */ = {isa = PBXFileReference; explicitFileType = wrapper.cfbundle; includeInIndex = 0; path = InstgramUITests.xctest; sourceTree = BUILT_PRODUCTS_DIR; };
		2378A1E52026EC28002C650C /* InstgramUITests.swift */ = {isa = PBXFileReference; lastKnownFileType = sourcecode.swift; path = InstgramUITests.swift; sourceTree = "<group>"; };
		2378A1E72026EC28002C650C /* Info.plist */ = {isa = PBXFileReference; lastKnownFileType = text.plist.xml; path = Info.plist; sourceTree = "<group>"; };
		2378A1F62026F4BC002C650C /* Login1ViewController.swift */ = {isa = PBXFileReference; lastKnownFileType = sourcecode.swift; path = Login1ViewController.swift; sourceTree = "<group>"; };
		23C5BC432027FCD200A621C1 /* MainViewController.swift */ = {isa = PBXFileReference; lastKnownFileType = sourcecode.swift; path = MainViewController.swift; sourceTree = "<group>"; };
		23C5BC472028066600A621C1 /* PostCell.swift */ = {isa = PBXFileReference; lastKnownFileType = sourcecode.swift; path = PostCell.swift; sourceTree = "<group>"; };
		23C5BC4A2028113E00A621C1 /* CameraViewController.swift */ = {isa = PBXFileReference; lastKnownFileType = sourcecode.swift; path = CameraViewController.swift; sourceTree = "<group>"; };
		23C5BC50202815DC00A621C1 /* Post.swift */ = {isa = PBXFileReference; lastKnownFileType = sourcecode.swift; path = Post.swift; sourceTree = "<group>"; };
		260E35235E791B8AB6AFB82C /* Pods_InstgramTests.framework */ = {isa = PBXFileReference; explicitFileType = wrapper.framework; includeInIndex = 0; path = Pods_InstgramTests.framework; sourceTree = BUILT_PRODUCTS_DIR; };
		34A524584D0CE081042710D3 /* Pods_InstgramUITests.framework */ = {isa = PBXFileReference; explicitFileType = wrapper.framework; includeInIndex = 0; path = Pods_InstgramUITests.framework; sourceTree = BUILT_PRODUCTS_DIR; };
		51CC84D2FD733A9FA1F80988 /* Pods-Instgram.release.xcconfig */ = {isa = PBXFileReference; includeInIndex = 1; lastKnownFileType = text.xcconfig; name = "Pods-Instgram.release.xcconfig"; path = "Pods/Target Support Files/Pods-Instgram/Pods-Instgram.release.xcconfig"; sourceTree = "<group>"; };
		8E85BD4D4007A1056C3AAD54 /* Pods-InstgramUITests.debug.xcconfig */ = {isa = PBXFileReference; includeInIndex = 1; lastKnownFileType = text.xcconfig; name = "Pods-InstgramUITests.debug.xcconfig"; path = "Pods/Target Support Files/Pods-InstgramUITests/Pods-InstgramUITests.debug.xcconfig"; sourceTree = "<group>"; };
		9443D8F2FCF6E16EAE40458F /* Pods-Instgram.debug.xcconfig */ = {isa = PBXFileReference; includeInIndex = 1; lastKnownFileType = text.xcconfig; name = "Pods-Instgram.debug.xcconfig"; path = "Pods/Target Support Files/Pods-Instgram/Pods-Instgram.debug.xcconfig"; sourceTree = "<group>"; };
		A1FBC84EC5CB1F3A917E6782 /* Pods-InstgramTests.release.xcconfig */ = {isa = PBXFileReference; includeInIndex = 1; lastKnownFileType = text.xcconfig; name = "Pods-InstgramTests.release.xcconfig"; path = "Pods/Target Support Files/Pods-InstgramTests/Pods-InstgramTests.release.xcconfig"; sourceTree = "<group>"; };
		B33110A26CD21C97737D3A34 /* Pods-InstgramTests.debug.xcconfig */ = {isa = PBXFileReference; includeInIndex = 1; lastKnownFileType = text.xcconfig; name = "Pods-InstgramTests.debug.xcconfig"; path = "Pods/Target Support Files/Pods-InstgramTests/Pods-InstgramTests.debug.xcconfig"; sourceTree = "<group>"; };
		F651656C9DD6B9C396598360 /* Pods-InstgramUITests.release.xcconfig */ = {isa = PBXFileReference; includeInIndex = 1; lastKnownFileType = text.xcconfig; name = "Pods-InstgramUITests.release.xcconfig"; path = "Pods/Target Support Files/Pods-InstgramUITests/Pods-InstgramUITests.release.xcconfig"; sourceTree = "<group>"; };
/* End PBXFileReference section */

/* Begin PBXFrameworksBuildPhase section */
		2378A1BF2026EC28002C650C /* Frameworks */ = {
			isa = PBXFrameworksBuildPhase;
			buildActionMask = 2147483647;
			files = (
				F795FADDF140BC357D01A3E0 /* Pods_Instgram.framework in Frameworks */,
			);
			runOnlyForDeploymentPostprocessing = 0;
		};
		2378A1D32026EC28002C650C /* Frameworks */ = {
			isa = PBXFrameworksBuildPhase;
			buildActionMask = 2147483647;
			files = (
				0EE043A93FF551F6449FCAF0 /* Pods_InstgramTests.framework in Frameworks */,
			);
			runOnlyForDeploymentPostprocessing = 0;
		};
		2378A1DE2026EC28002C650C /* Frameworks */ = {
			isa = PBXFrameworksBuildPhase;
			buildActionMask = 2147483647;
			files = (
				B739AB185E363E4C6A92D2BD /* Pods_InstgramUITests.framework in Frameworks */,
			);
			runOnlyForDeploymentPostprocessing = 0;
		};
/* End PBXFrameworksBuildPhase section */

/* Begin PBXGroup section */
		16B9095A90E617B8C735967D /* Pods */ = {
			isa = PBXGroup;
			children = (
				9443D8F2FCF6E16EAE40458F /* Pods-Instgram.debug.xcconfig */,
				51CC84D2FD733A9FA1F80988 /* Pods-Instgram.release.xcconfig */,
				B33110A26CD21C97737D3A34 /* Pods-InstgramTests.debug.xcconfig */,
				A1FBC84EC5CB1F3A917E6782 /* Pods-InstgramTests.release.xcconfig */,
				8E85BD4D4007A1056C3AAD54 /* Pods-InstgramUITests.debug.xcconfig */,
				F651656C9DD6B9C396598360 /* Pods-InstgramUITests.release.xcconfig */,
			);
			name = Pods;
			sourceTree = "<group>";
		};
		2378A1B92026EC28002C650C = {
			isa = PBXGroup;
			children = (
				2378A1C42026EC28002C650C /* Instgram */,
				2378A1D92026EC28002C650C /* InstgramTests */,
				2378A1E42026EC28002C650C /* InstgramUITests */,
				2378A1C32026EC28002C650C /* Products */,
				16B9095A90E617B8C735967D /* Pods */,
				E71262F330EE0BF92DE6B4E8 /* Frameworks */,
			);
			sourceTree = "<group>";
		};
		2378A1C32026EC28002C650C /* Products */ = {
			isa = PBXGroup;
			children = (
				2378A1C22026EC28002C650C /* Instgram.app */,
				2378A1D62026EC28002C650C /* InstgramTests.xctest */,
				2378A1E12026EC28002C650C /* InstgramUITests.xctest */,
			);
			name = Products;
			sourceTree = "<group>";
		};
		2378A1C42026EC28002C650C /* Instgram */ = {
			isa = PBXGroup;
			children = (
				2378A1C52026EC28002C650C /* AppDelegate.swift */,
				2378A1C92026EC28002C650C /* Main.storyboard */,
				2378A1CC2026EC28002C650C /* Assets.xcassets */,
				2378A1CE2026EC28002C650C /* LaunchScreen.storyboard */,
				2378A1D12026EC28002C650C /* Info.plist */,
				2378A1F62026F4BC002C650C /* Login1ViewController.swift */,
				23C5BC432027FCD200A621C1 /* MainViewController.swift */,
				23C5BC472028066600A621C1 /* PostCell.swift */,
				23C5BC4A2028113E00A621C1 /* CameraViewController.swift */,
				23C5BC50202815DC00A621C1 /* Post.swift */,
				23680A47202994A000D8AD63 /* PostDetailsViewController.swift */,
			);
			path = Instgram;
			sourceTree = "<group>";
		};
		2378A1D92026EC28002C650C /* InstgramTests */ = {
			isa = PBXGroup;
			children = (
				2378A1DA2026EC28002C650C /* InstgramTests.swift */,
				2378A1DC2026EC28002C650C /* Info.plist */,
			);
			path = InstgramTests;
			sourceTree = "<group>";
		};
		2378A1E42026EC28002C650C /* InstgramUITests */ = {
			isa = PBXGroup;
			children = (
				2378A1E52026EC28002C650C /* InstgramUITests.swift */,
				2378A1E72026EC28002C650C /* Info.plist */,
			);
			path = InstgramUITests;
			sourceTree = "<group>";
		};
		E71262F330EE0BF92DE6B4E8 /* Frameworks */ = {
			isa = PBXGroup;
			children = (
				20D0FA98E942D348513CB494 /* Pods_Instgram.framework */,
				260E35235E791B8AB6AFB82C /* Pods_InstgramTests.framework */,
				34A524584D0CE081042710D3 /* Pods_InstgramUITests.framework */,
			);
			name = Frameworks;
			sourceTree = "<group>";
		};
/* End PBXGroup section */

/* Begin PBXNativeTarget section */
		2378A1C12026EC28002C650C /* Instgram */ = {
			isa = PBXNativeTarget;
			buildConfigurationList = 2378A1EA2026EC28002C650C /* Build configuration list for PBXNativeTarget "Instgram" */;
			buildPhases = (
				BD7CDF83CB0C78C4A20E3CBC /* [CP] Check Pods Manifest.lock */,
				2378A1BE2026EC28002C650C /* Sources */,
				2378A1BF2026EC28002C650C /* Frameworks */,
				2378A1C02026EC28002C650C /* Resources */,
				CEF91895384149F21C6E4C92 /* [CP] Embed Pods Frameworks */,
				75CB42EB9A6CD008398C06C8 /* [CP] Copy Pods Resources */,
			);
			buildRules = (
			);
			dependencies = (
			);
			name = Instgram;
			productName = Instgram;
			productReference = 2378A1C22026EC28002C650C /* Instgram.app */;
			productType = "com.apple.product-type.application";
		};
		2378A1D52026EC28002C650C /* InstgramTests */ = {
			isa = PBXNativeTarget;
			buildConfigurationList = 2378A1ED2026EC28002C650C /* Build configuration list for PBXNativeTarget "InstgramTests" */;
			buildPhases = (
				A718FC115B1047B433D7B9C1 /* [CP] Check Pods Manifest.lock */,
				2378A1D22026EC28002C650C /* Sources */,
				2378A1D32026EC28002C650C /* Frameworks */,
				2378A1D42026EC28002C650C /* Resources */,
				BCC15CCA8093DB4A1729A5CC /* [CP] Embed Pods Frameworks */,
				4EDF6198AA7C2D4A781EADA7 /* [CP] Copy Pods Resources */,
			);
			buildRules = (
			);
			dependencies = (
				2378A1D82026EC28002C650C /* PBXTargetDependency */,
			);
			name = InstgramTests;
			productName = InstgramTests;
			productReference = 2378A1D62026EC28002C650C /* InstgramTests.xctest */;
			productType = "com.apple.product-type.bundle.unit-test";
		};
		2378A1E02026EC28002C650C /* InstgramUITests */ = {
			isa = PBXNativeTarget;
			buildConfigurationList = 2378A1F02026EC28002C650C /* Build configuration list for PBXNativeTarget "InstgramUITests" */;
			buildPhases = (
				A857007233CB3FD29BF4BEAA /* [CP] Check Pods Manifest.lock */,
				2378A1DD2026EC28002C650C /* Sources */,
				2378A1DE2026EC28002C650C /* Frameworks */,
				2378A1DF2026EC28002C650C /* Resources */,
				4F11E9C0506DBF73542BF417 /* [CP] Embed Pods Frameworks */,
				F6912DF38932E9156FD1C0F5 /* [CP] Copy Pods Resources */,
			);
			buildRules = (
			);
			dependencies = (
				2378A1E32026EC28002C650C /* PBXTargetDependency */,
			);
			name = InstgramUITests;
			productName = InstgramUITests;
			productReference = 2378A1E12026EC28002C650C /* InstgramUITests.xctest */;
			productType = "com.apple.product-type.bundle.ui-testing";
		};
/* End PBXNativeTarget section */

/* Begin PBXProject section */
		2378A1BA2026EC28002C650C /* Project object */ = {
			isa = PBXProject;
			attributes = {
				LastSwiftUpdateCheck = 0920;
				LastUpgradeCheck = 0920;
				ORGANIZATIONNAME = "Hussain Almajed";
				TargetAttributes = {
					2378A1C12026EC28002C650C = {
						CreatedOnToolsVersion = 9.2;
						ProvisioningStyle = Automatic;
					};
					2378A1D52026EC28002C650C = {
						CreatedOnToolsVersion = 9.2;
						ProvisioningStyle = Automatic;
						TestTargetID = 2378A1C12026EC28002C650C;
					};
					2378A1E02026EC28002C650C = {
						CreatedOnToolsVersion = 9.2;
						ProvisioningStyle = Automatic;
						TestTargetID = 2378A1C12026EC28002C650C;
					};
				};
			};
			buildConfigurationList = 2378A1BD2026EC28002C650C /* Build configuration list for PBXProject "Instgram" */;
			compatibilityVersion = "Xcode 8.0";
			developmentRegion = en;
			hasScannedForEncodings = 0;
			knownRegions = (
				en,
				Base,
			);
			mainGroup = 2378A1B92026EC28002C650C;
			productRefGroup = 2378A1C32026EC28002C650C /* Products */;
			projectDirPath = "";
			projectRoot = "";
			targets = (
				2378A1C12026EC28002C650C /* Instgram */,
				2378A1D52026EC28002C650C /* InstgramTests */,
				2378A1E02026EC28002C650C /* InstgramUITests */,
			);
		};
/* End PBXProject section */

/* Begin PBXResourcesBuildPhase section */
		2378A1C02026EC28002C650C /* Resources */ = {
			isa = PBXResourcesBuildPhase;
			buildActionMask = 2147483647;
			files = (
				2378A1D02026EC28002C650C /* LaunchScreen.storyboard in Resources */,
				2378A1CD2026EC28002C650C /* Assets.xcassets in Resources */,
				2378A1CB2026EC28002C650C /* Main.storyboard in Resources */,
			);
			runOnlyForDeploymentPostprocessing = 0;
		};
		2378A1D42026EC28002C650C /* Resources */ = {
			isa = PBXResourcesBuildPhase;
			buildActionMask = 2147483647;
			files = (
			);
			runOnlyForDeploymentPostprocessing = 0;
		};
		2378A1DF2026EC28002C650C /* Resources */ = {
			isa = PBXResourcesBuildPhase;
			buildActionMask = 2147483647;
			files = (
			);
			runOnlyForDeploymentPostprocessing = 0;
		};
/* End PBXResourcesBuildPhase section */

/* Begin PBXShellScriptBuildPhase section */
		4EDF6198AA7C2D4A781EADA7 /* [CP] Copy Pods Resources */ = {
			isa = PBXShellScriptBuildPhase;
			buildActionMask = 2147483647;
			files = (
			);
			inputPaths = (
			);
			name = "[CP] Copy Pods Resources";
			outputPaths = (
			);
			runOnlyForDeploymentPostprocessing = 0;
			shellPath = /bin/sh;
			shellScript = "\"${SRCROOT}/Pods/Target Support Files/Pods-InstgramTests/Pods-InstgramTests-resources.sh\"\n";
			showEnvVarsInLog = 0;
		};
		4F11E9C0506DBF73542BF417 /* [CP] Embed Pods Frameworks */ = {
			isa = PBXShellScriptBuildPhase;
			buildActionMask = 2147483647;
			files = (
			);
			inputPaths = (
			);
			name = "[CP] Embed Pods Frameworks";
			outputPaths = (
			);
			runOnlyForDeploymentPostprocessing = 0;
			shellPath = /bin/sh;
			shellScript = "\"${SRCROOT}/Pods/Target Support Files/Pods-InstgramUITests/Pods-InstgramUITests-frameworks.sh\"\n";
			showEnvVarsInLog = 0;
		};
		75CB42EB9A6CD008398C06C8 /* [CP] Copy Pods Resources */ = {
			isa = PBXShellScriptBuildPhase;
			buildActionMask = 2147483647;
			files = (
			);
			inputPaths = (
			);
			name = "[CP] Copy Pods Resources";
			outputPaths = (
			);
			runOnlyForDeploymentPostprocessing = 0;
			shellPath = /bin/sh;
			shellScript = "\"${SRCROOT}/Pods/Target Support Files/Pods-Instgram/Pods-Instgram-resources.sh\"\n";
			showEnvVarsInLog = 0;
		};
		A718FC115B1047B433D7B9C1 /* [CP] Check Pods Manifest.lock */ = {
			isa = PBXShellScriptBuildPhase;
			buildActionMask = 2147483647;
			files = (
			);
			inputPaths = (
				"${PODS_PODFILE_DIR_PATH}/Podfile.lock",
				"${PODS_ROOT}/Manifest.lock",
			);
			name = "[CP] Check Pods Manifest.lock";
			outputPaths = (
				"$(DERIVED_FILE_DIR)/Pods-InstgramTests-checkManifestLockResult.txt",
			);
			runOnlyForDeploymentPostprocessing = 0;
			shellPath = /bin/sh;
			shellScript = "diff \"${PODS_PODFILE_DIR_PATH}/Podfile.lock\" \"${PODS_ROOT}/Manifest.lock\" > /dev/null\nif [ $? != 0 ] ; then\n    # print error to STDERR\n    echo \"error: The sandbox is not in sync with the Podfile.lock. Run 'pod install' or update your CocoaPods installation.\" >&2\n    exit 1\nfi\n# This output is used by Xcode 'outputs' to avoid re-running this script phase.\necho \"SUCCESS\" > \"${SCRIPT_OUTPUT_FILE_0}\"\n";
			showEnvVarsInLog = 0;
		};
		A857007233CB3FD29BF4BEAA /* [CP] Check Pods Manifest.lock */ = {
			isa = PBXShellScriptBuildPhase;
			buildActionMask = 2147483647;
			files = (
			);
			inputPaths = (
				"${PODS_PODFILE_DIR_PATH}/Podfile.lock",
				"${PODS_ROOT}/Manifest.lock",
			);
			name = "[CP] Check Pods Manifest.lock";
			outputPaths = (
				"$(DERIVED_FILE_DIR)/Pods-InstgramUITests-checkManifestLockResult.txt",
			);
			runOnlyForDeploymentPostprocessing = 0;
			shellPath = /bin/sh;
			shellScript = "diff \"${PODS_PODFILE_DIR_PATH}/Podfile.lock\" \"${PODS_ROOT}/Manifest.lock\" > /dev/null\nif [ $? != 0 ] ; then\n    # print error to STDERR\n    echo \"error: The sandbox is not in sync with the Podfile.lock. Run 'pod install' or update your CocoaPods installation.\" >&2\n    exit 1\nfi\n# This output is used by Xcode 'outputs' to avoid re-running this script phase.\necho \"SUCCESS\" > \"${SCRIPT_OUTPUT_FILE_0}\"\n";
			showEnvVarsInLog = 0;
		};
		BCC15CCA8093DB4A1729A5CC /* [CP] Embed Pods Frameworks */ = {
			isa = PBXShellScriptBuildPhase;
			buildActionMask = 2147483647;
			files = (
			);
			inputPaths = (
			);
			name = "[CP] Embed Pods Frameworks";
			outputPaths = (
			);
			runOnlyForDeploymentPostprocessing = 0;
			shellPath = /bin/sh;
			shellScript = "\"${SRCROOT}/Pods/Target Support Files/Pods-InstgramTests/Pods-InstgramTests-frameworks.sh\"\n";
			showEnvVarsInLog = 0;
		};
		BD7CDF83CB0C78C4A20E3CBC /* [CP] Check Pods Manifest.lock */ = {
			isa = PBXShellScriptBuildPhase;
			buildActionMask = 2147483647;
			files = (
			);
			inputPaths = (
				"${PODS_PODFILE_DIR_PATH}/Podfile.lock",
				"${PODS_ROOT}/Manifest.lock",
			);
			name = "[CP] Check Pods Manifest.lock";
			outputPaths = (
				"$(DERIVED_FILE_DIR)/Pods-Instgram-checkManifestLockResult.txt",
			);
			runOnlyForDeploymentPostprocessing = 0;
			shellPath = /bin/sh;
			shellScript = "diff \"${PODS_PODFILE_DIR_PATH}/Podfile.lock\" \"${PODS_ROOT}/Manifest.lock\" > /dev/null\nif [ $? != 0 ] ; then\n    # print error to STDERR\n    echo \"error: The sandbox is not in sync with the Podfile.lock. Run 'pod install' or update your CocoaPods installation.\" >&2\n    exit 1\nfi\n# This output is used by Xcode 'outputs' to avoid re-running this script phase.\necho \"SUCCESS\" > \"${SCRIPT_OUTPUT_FILE_0}\"\n";
			showEnvVarsInLog = 0;
		};
		CEF91895384149F21C6E4C92 /* [CP] Embed Pods Frameworks */ = {
			isa = PBXShellScriptBuildPhase;
			buildActionMask = 2147483647;
			files = (
			);
			inputPaths = (
				"${SRCROOT}/Pods/Target Support Files/Pods-Instgram/Pods-Instgram-frameworks.sh",
				"${BUILT_PRODUCTS_DIR}/Bolts/Bolts.framework",
				"${BUILT_PRODUCTS_DIR}/Parse/Parse.framework",
				"${BUILT_PRODUCTS_DIR}/ParseUI/ParseUI.framework",
			);
			name = "[CP] Embed Pods Frameworks";
			outputPaths = (
				"${TARGET_BUILD_DIR}/${FRAMEWORKS_FOLDER_PATH}/Bolts.framework",
				"${TARGET_BUILD_DIR}/${FRAMEWORKS_FOLDER_PATH}/Parse.framework",
				"${TARGET_BUILD_DIR}/${FRAMEWORKS_FOLDER_PATH}/ParseUI.framework",
			);
			runOnlyForDeploymentPostprocessing = 0;
			shellPath = /bin/sh;
			shellScript = "\"${SRCROOT}/Pods/Target Support Files/Pods-Instgram/Pods-Instgram-frameworks.sh\"\n";
			showEnvVarsInLog = 0;
		};
		F6912DF38932E9156FD1C0F5 /* [CP] Copy Pods Resources */ = {
			isa = PBXShellScriptBuildPhase;
			buildActionMask = 2147483647;
			files = (
			);
			inputPaths = (
			);
			name = "[CP] Copy Pods Resources";
			outputPaths = (
			);
			runOnlyForDeploymentPostprocessing = 0;
			shellPath = /bin/sh;
			shellScript = "\"${SRCROOT}/Pods/Target Support Files/Pods-InstgramUITests/Pods-InstgramUITests-resources.sh\"\n";
			showEnvVarsInLog = 0;
		};
/* End PBXShellScriptBuildPhase section */

/* Begin PBXSourcesBuildPhase section */
		2378A1BE2026EC28002C650C /* Sources */ = {
			isa = PBXSourcesBuildPhase;
			buildActionMask = 2147483647;
			files = (
				23C5BC442027FCD200A621C1 /* MainViewController.swift in Sources */,
				23C5BC4B2028113E00A621C1 /* CameraViewController.swift in Sources */,
				23680A48202994A000D8AD63 /* PostDetailsViewController.swift in Sources */,
				2378A1F72026F4BC002C650C /* Login1ViewController.swift in Sources */,
				23C5BC51202815DC00A621C1 /* Post.swift in Sources */,
				2378A1C62026EC28002C650C /* AppDelegate.swift in Sources */,
				23C5BC482028066600A621C1 /* PostCell.swift in Sources */,
			);
			runOnlyForDeploymentPostprocessing = 0;
		};
		2378A1D22026EC28002C650C /* Sources */ = {
			isa = PBXSourcesBuildPhase;
			buildActionMask = 2147483647;
			files = (
				2378A1DB2026EC28002C650C /* InstgramTests.swift in Sources */,
			);
			runOnlyForDeploymentPostprocessing = 0;
		};
		2378A1DD2026EC28002C650C /* Sources */ = {
			isa = PBXSourcesBuildPhase;
			buildActionMask = 2147483647;
			files = (
				2378A1E62026EC28002C650C /* InstgramUITests.swift in Sources */,
			);
			runOnlyForDeploymentPostprocessing = 0;
		};
/* End PBXSourcesBuildPhase section */

/* Begin PBXTargetDependency section */
		2378A1D82026EC28002C650C /* PBXTargetDependency */ = {
			isa = PBXTargetDependency;
			target = 2378A1C12026EC28002C650C /* Instgram */;
			targetProxy = 2378A1D72026EC28002C650C /* PBXContainerItemProxy */;
		};
		2378A1E32026EC28002C650C /* PBXTargetDependency */ = {
			isa = PBXTargetDependency;
			target = 2378A1C12026EC28002C650C /* Instgram */;
			targetProxy = 2378A1E22026EC28002C650C /* PBXContainerItemProxy */;
		};
/* End PBXTargetDependency section */

/* Begin PBXVariantGroup section */
		2378A1C92026EC28002C650C /* Main.storyboard */ = {
			isa = PBXVariantGroup;
			children = (
				2378A1CA2026EC28002C650C /* Base */,
			);
			name = Main.storyboard;
			sourceTree = "<group>";
		};
		2378A1CE2026EC28002C650C /* LaunchScreen.storyboard */ = {
			isa = PBXVariantGroup;
			children = (
				2378A1CF2026EC28002C650C /* Base */,
			);
			name = LaunchScreen.storyboard;
			sourceTree = "<group>";
		};
/* End PBXVariantGroup section */

/* Begin XCBuildConfiguration section */
		2378A1E82026EC28002C650C /* Debug */ = {
			isa = XCBuildConfiguration;
			buildSettings = {
				ALWAYS_SEARCH_USER_PATHS = NO;
				CLANG_ANALYZER_NONNULL = YES;
				CLANG_ANALYZER_NUMBER_OBJECT_CONVERSION = YES_AGGRESSIVE;
				CLANG_CXX_LANGUAGE_STANDARD = "gnu++14";
				CLANG_CXX_LIBRARY = "libc++";
				CLANG_ENABLE_MODULES = YES;
				CLANG_ENABLE_OBJC_ARC = YES;
				CLANG_WARN_BLOCK_CAPTURE_AUTORELEASING = YES;
				CLANG_WARN_BOOL_CONVERSION = YES;
				CLANG_WARN_COMMA = YES;
				CLANG_WARN_CONSTANT_CONVERSION = YES;
				CLANG_WARN_DIRECT_OBJC_ISA_USAGE = YES_ERROR;
				CLANG_WARN_DOCUMENTATION_COMMENTS = YES;
				CLANG_WARN_EMPTY_BODY = YES;
				CLANG_WARN_ENUM_CONVERSION = YES;
				CLANG_WARN_INFINITE_RECURSION = YES;
				CLANG_WARN_INT_CONVERSION = YES;
				CLANG_WARN_NON_LITERAL_NULL_CONVERSION = YES;
				CLANG_WARN_OBJC_LITERAL_CONVERSION = YES;
				CLANG_WARN_OBJC_ROOT_CLASS = YES_ERROR;
				CLANG_WARN_RANGE_LOOP_ANALYSIS = YES;
				CLANG_WARN_STRICT_PROTOTYPES = YES;
				CLANG_WARN_SUSPICIOUS_MOVE = YES;
				CLANG_WARN_UNGUARDED_AVAILABILITY = YES_AGGRESSIVE;
				CLANG_WARN_UNREACHABLE_CODE = YES;
				CLANG_WARN__DUPLICATE_METHOD_MATCH = YES;
				CODE_SIGN_IDENTITY = "iPhone Developer";
				COPY_PHASE_STRIP = NO;
				DEBUG_INFORMATION_FORMAT = dwarf;
				ENABLE_STRICT_OBJC_MSGSEND = YES;
				ENABLE_TESTABILITY = YES;
				GCC_C_LANGUAGE_STANDARD = gnu11;
				GCC_DYNAMIC_NO_PIC = NO;
				GCC_NO_COMMON_BLOCKS = YES;
				GCC_OPTIMIZATION_LEVEL = 0;
				GCC_PREPROCESSOR_DEFINITIONS = (
					"DEBUG=1",
					"$(inherited)",
				);
				GCC_WARN_64_TO_32_BIT_CONVERSION = YES;
				GCC_WARN_ABOUT_RETURN_TYPE = YES_ERROR;
				GCC_WARN_UNDECLARED_SELECTOR = YES;
				GCC_WARN_UNINITIALIZED_AUTOS = YES_AGGRESSIVE;
				GCC_WARN_UNUSED_FUNCTION = YES;
				GCC_WARN_UNUSED_VARIABLE = YES;
				IPHONEOS_DEPLOYMENT_TARGET = 11.2;
				MTL_ENABLE_DEBUG_INFO = YES;
				ONLY_ACTIVE_ARCH = YES;
				SDKROOT = iphoneos;
				SWIFT_ACTIVE_COMPILATION_CONDITIONS = DEBUG;
				SWIFT_OPTIMIZATION_LEVEL = "-Onone";
			};
			name = Debug;
		};
		2378A1E92026EC28002C650C /* Release */ = {
			isa = XCBuildConfiguration;
			buildSettings = {
				ALWAYS_SEARCH_USER_PATHS = NO;
				CLANG_ANALYZER_NONNULL = YES;
				CLANG_ANALYZER_NUMBER_OBJECT_CONVERSION = YES_AGGRESSIVE;
				CLANG_CXX_LANGUAGE_STANDARD = "gnu++14";
				CLANG_CXX_LIBRARY = "libc++";
				CLANG_ENABLE_MODULES = YES;
				CLANG_ENABLE_OBJC_ARC = YES;
				CLANG_WARN_BLOCK_CAPTURE_AUTORELEASING = YES;
				CLANG_WARN_BOOL_CONVERSION = YES;
				CLANG_WARN_COMMA = YES;
				CLANG_WARN_CONSTANT_CONVERSION = YES;
				CLANG_WARN_DIRECT_OBJC_ISA_USAGE = YES_ERROR;
				CLANG_WARN_DOCUMENTATION_COMMENTS = YES;
				CLANG_WARN_EMPTY_BODY = YES;
				CLANG_WARN_ENUM_CONVERSION = YES;
				CLANG_WARN_INFINITE_RECURSION = YES;
				CLANG_WARN_INT_CONVERSION = YES;
				CLANG_WARN_NON_LITERAL_NULL_CONVERSION = YES;
				CLANG_WARN_OBJC_LITERAL_CONVERSION = YES;
				CLANG_WARN_OBJC_ROOT_CLASS = YES_ERROR;
				CLANG_WARN_RANGE_LOOP_ANALYSIS = YES;
				CLANG_WARN_STRICT_PROTOTYPES = YES;
				CLANG_WARN_SUSPICIOUS_MOVE = YES;
				CLANG_WARN_UNGUARDED_AVAILABILITY = YES_AGGRESSIVE;
				CLANG_WARN_UNREACHABLE_CODE = YES;
				CLANG_WARN__DUPLICATE_METHOD_MATCH = YES;
				CODE_SIGN_IDENTITY = "iPhone Developer";
				COPY_PHASE_STRIP = NO;
				DEBUG_INFORMATION_FORMAT = "dwarf-with-dsym";
				ENABLE_NS_ASSERTIONS = NO;
				ENABLE_STRICT_OBJC_MSGSEND = YES;
				GCC_C_LANGUAGE_STANDARD = gnu11;
				GCC_NO_COMMON_BLOCKS = YES;
				GCC_WARN_64_TO_32_BIT_CONVERSION = YES;
				GCC_WARN_ABOUT_RETURN_TYPE = YES_ERROR;
				GCC_WARN_UNDECLARED_SELECTOR = YES;
				GCC_WARN_UNINITIALIZED_AUTOS = YES_AGGRESSIVE;
				GCC_WARN_UNUSED_FUNCTION = YES;
				GCC_WARN_UNUSED_VARIABLE = YES;
				IPHONEOS_DEPLOYMENT_TARGET = 11.2;
				MTL_ENABLE_DEBUG_INFO = NO;
				SDKROOT = iphoneos;
				SWIFT_OPTIMIZATION_LEVEL = "-Owholemodule";
				VALIDATE_PRODUCT = YES;
			};
			name = Release;
		};
		2378A1EB2026EC28002C650C /* Debug */ = {
			isa = XCBuildConfiguration;
			baseConfigurationReference = 9443D8F2FCF6E16EAE40458F /* Pods-Instgram.debug.xcconfig */;
			buildSettings = {
				ASSETCATALOG_COMPILER_APPICON_NAME = AppIcon;
				CODE_SIGN_STYLE = Automatic;
				INFOPLIST_FILE = Instgram/Info.plist;
				LD_RUNPATH_SEARCH_PATHS = "$(inherited) @executable_path/Frameworks";
				PRODUCT_BUNDLE_IDENTIFIER = com.codepath.Instgram;
				PRODUCT_NAME = "$(TARGET_NAME)";
				SWIFT_VERSION = 4.0;
				TARGETED_DEVICE_FAMILY = "1,2";
			};
			name = Debug;
		};
		2378A1EC2026EC28002C650C /* Release */ = {
			isa = XCBuildConfiguration;
			baseConfigurationReference = 51CC84D2FD733A9FA1F80988 /* Pods-Instgram.release.xcconfig */;
			buildSettings = {
				ASSETCATALOG_COMPILER_APPICON_NAME = AppIcon;
				CODE_SIGN_STYLE = Automatic;
				INFOPLIST_FILE = Instgram/Info.plist;
				LD_RUNPATH_SEARCH_PATHS = "$(inherited) @executable_path/Frameworks";
				PRODUCT_BUNDLE_IDENTIFIER = com.codepath.Instgram;
				PRODUCT_NAME = "$(TARGET_NAME)";
				SWIFT_VERSION = 4.0;
				TARGETED_DEVICE_FAMILY = "1,2";
			};
			name = Release;
		};
		2378A1EE2026EC28002C650C /* Debug */ = {
			isa = XCBuildConfiguration;
			baseConfigurationReference = B33110A26CD21C97737D3A34 /* Pods-InstgramTests.debug.xcconfig */;
			buildSettings = {
				ALWAYS_EMBED_SWIFT_STANDARD_LIBRARIES = YES;
				BUNDLE_LOADER = "$(TEST_HOST)";
				CODE_SIGN_STYLE = Automatic;
				INFOPLIST_FILE = InstgramTests/Info.plist;
				LD_RUNPATH_SEARCH_PATHS = "$(inherited) @executable_path/Frameworks @loader_path/Frameworks";
				PRODUCT_BUNDLE_IDENTIFIER = com.codepath.InstgramTests;
				PRODUCT_NAME = "$(TARGET_NAME)";
				SWIFT_VERSION = 4.0;
				TARGETED_DEVICE_FAMILY = "1,2";
				TEST_HOST = "$(BUILT_PRODUCTS_DIR)/Instgram.app/Instgram";
			};
			name = Debug;
		};
		2378A1EF2026EC28002C650C /* Release */ = {
			isa = XCBuildConfiguration;
			baseConfigurationReference = A1FBC84EC5CB1F3A917E6782 /* Pods-InstgramTests.release.xcconfig */;
			buildSettings = {
				ALWAYS_EMBED_SWIFT_STANDARD_LIBRARIES = YES;
				BUNDLE_LOADER = "$(TEST_HOST)";
				CODE_SIGN_STYLE = Automatic;
				INFOPLIST_FILE = InstgramTests/Info.plist;
				LD_RUNPATH_SEARCH_PATHS = "$(inherited) @executable_path/Frameworks @loader_path/Frameworks";
				PRODUCT_BUNDLE_IDENTIFIER = com.codepath.InstgramTests;
				PRODUCT_NAME = "$(TARGET_NAME)";
				SWIFT_VERSION = 4.0;
				TARGETED_DEVICE_FAMILY = "1,2";
				TEST_HOST = "$(BUILT_PRODUCTS_DIR)/Instgram.app/Instgram";
			};
			name = Release;
		};
		2378A1F12026EC28002C650C /* Debug */ = {
			isa = XCBuildConfiguration;
			baseConfigurationReference = 8E85BD4D4007A1056C3AAD54 /* Pods-InstgramUITests.debug.xcconfig */;
			buildSettings = {
				ALWAYS_EMBED_SWIFT_STANDARD_LIBRARIES = YES;
				CODE_SIGN_STYLE = Automatic;
				INFOPLIST_FILE = InstgramUITests/Info.plist;
				LD_RUNPATH_SEARCH_PATHS = "$(inherited) @executable_path/Frameworks @loader_path/Frameworks";
				PRODUCT_BUNDLE_IDENTIFIER = com.codepath.InstgramUITests;
				PRODUCT_NAME = "$(TARGET_NAME)";
				SWIFT_VERSION = 4.0;
				TARGETED_DEVICE_FAMILY = "1,2";
				TEST_TARGET_NAME = Instgram;
			};
			name = Debug;
		};
		2378A1F22026EC28002C650C /* Release */ = {
			isa = XCBuildConfiguration;
			baseConfigurationReference = F651656C9DD6B9C396598360 /* Pods-InstgramUITests.release.xcconfig */;
			buildSettings = {
				ALWAYS_EMBED_SWIFT_STANDARD_LIBRARIES = YES;
				CODE_SIGN_STYLE = Automatic;
				INFOPLIST_FILE = InstgramUITests/Info.plist;
				LD_RUNPATH_SEARCH_PATHS = "$(inherited) @executable_path/Frameworks @loader_path/Frameworks";
				PRODUCT_BUNDLE_IDENTIFIER = com.codepath.InstgramUITests;
				PRODUCT_NAME = "$(TARGET_NAME)";
				SWIFT_VERSION = 4.0;
				TARGETED_DEVICE_FAMILY = "1,2";
				TEST_TARGET_NAME = Instgram;
			};
			name = Release;
		};
/* End XCBuildConfiguration section */

/* Begin XCConfigurationList section */
		2378A1BD2026EC28002C650C /* Build configuration list for PBXProject "Instgram" */ = {
			isa = XCConfigurationList;
			buildConfigurations = (
				2378A1E82026EC28002C650C /* Debug */,
				2378A1E92026EC28002C650C /* Release */,
			);
			defaultConfigurationIsVisible = 0;
			defaultConfigurationName = Release;
		};
		2378A1EA2026EC28002C650C /* Build configuration list for PBXNativeTarget "Instgram" */ = {
			isa = XCConfigurationList;
			buildConfigurations = (
				2378A1EB2026EC28002C650C /* Debug */,
				2378A1EC2026EC28002C650C /* Release */,
			);
			defaultConfigurationIsVisible = 0;
			defaultConfigurationName = Release;
		};
		2378A1ED2026EC28002C650C /* Build configuration list for PBXNativeTarget "InstgramTests" */ = {
			isa = XCConfigurationList;
			buildConfigurations = (
				2378A1EE2026EC28002C650C /* Debug */,
				2378A1EF2026EC28002C650C /* Release */,
			);
			defaultConfigurationIsVisible = 0;
			defaultConfigurationName = Release;
		};
		2378A1F02026EC28002C650C /* Build configuration list for PBXNativeTarget "InstgramUITests" */ = {
			isa = XCConfigurationList;
			buildConfigurations = (
				2378A1F12026EC28002C650C /* Debug */,
				2378A1F22026EC28002C650C /* Release */,
			);
			defaultConfigurationIsVisible = 0;
			defaultConfigurationName = Release;
		};
/* End XCConfigurationList section */
	};
	rootObject = 2378A1BA2026EC28002C650C /* Project object */;
}
